
Microsoft Visual Studio Solution File, Format Version 12.00
# Visual Studio Version 17
VisualStudioVersion = 17.7.34031.279
MinimumVisualStudioVersion = 10.0.40219.1
Project("{FAE04EC0-301F-11D3-BF4B-00C04F79EFBC}") = "MyWorkForExam", "MyWorkForExam\MyWorkForExam.csproj", "{7A4E7689-B4B4-4A39-BFAE-E905BC49D1D3}"
EndProject
Global
	GlobalSection(SolutionConfigurationPlatforms) = preSolution
		Debug|Any CPU = Debug|Any CPU
		Release|Any CPU = Release|Any CPU
	EndGlobalSection
	GlobalSection(ProjectConfigurationPlatforms) = postSolution
		{7A4E7689-B4B4-4A39-BFAE-E905BC49D1D3}.Debug|Any CPU.ActiveCfg = Debug|Any CPU
		{7A4E7689-B4B4-4A39-BFAE-E905BC49D1D3}.Debug|Any CPU.Build.0 = Debug|Any CPU
		{7A4E7689-B4B4-4A39-BFAE-E905BC49D1D3}.Release|Any CPU.ActiveCfg = Release|Any CPU
		{7A4E7689-B4B4-4A39-BFAE-E905BC49D1D3}.Release|Any CPU.Build.0 = Release|Any CPU
	EndGlobalSection
	GlobalSection(SolutionProperties) = preSolution
		HideSolutionNode = FALSE
	EndGlobalSection
	GlobalSection(ExtensibilityGlobals) = postSolution
		SolutionGuid = {17EE7BC3-C7C2-43C6-A559-36B4E7CF0D8A}
	EndGlobalSection
EndGlobal
